
Microsoft Visual Studio Solution File, Format Version 12.00
# Visual Studio Version 16
VisualStudioVersion = 16.0.31410.223
MinimumVisualStudioVersion = 10.0.40219.1
Project("{FAE04EC0-301F-11D3-BF4B-00C04F79EFBC}") = "TipsAndTricksContainer", "TipsAndTricksContainer.csproj", "{67E0F196-1081-4355-9650-28A27152B15C}"
EndProject
Global
	GlobalSection(SolutionConfigurationPlatforms) = preSolution
		Debug|Any CPU = Debug|Any CPU
		Release|Any CPU = Release|Any CPU
	EndGlobalSection
	GlobalSection(ProjectConfigurationPlatforms) = postSolution
		{67E0F196-1081-4355-9650-28A27152B15C}.Debug|Any CPU.ActiveCfg = Debug|Any CPU
		{67E0F196-1081-4355-9650-28A27152B15C}.Debug|Any CPU.Build.0 = Debug|Any CPU
		{67E0F196-1081-4355-9650-28A27152B15C}.Release|Any CPU.ActiveCfg = Release|Any CPU
		{67E0F196-1081-4355-9650-28A27152B15C}.Release|Any CPU.Build.0 = Release|Any CPU
	EndGlobalSection
	GlobalSection(SolutionProperties) = preSolution
		HideSolutionNode = FALSE
	EndGlobalSection
	GlobalSection(ExtensibilityGlobals) = postSolution
		SolutionGuid = {25AE2B9E-8E6E-4C50-97ED-D3C78426425B}
	EndGlobalSection
EndGlobal
